
Microsoft Visual Studio Solution File, Format Version 12.00
# Visual Studio Version 17
VisualStudioVersion = 17.12.35506.116 d17.12
MinimumVisualStudioVersion = 10.0.40219.1
Project("{FAE04EC0-301F-11D3-BF4B-00C04F79EFBC}") = "VerkhoturovaDZ7", "VerkhoturovaDZ7\VerkhoturovaDZ7.csproj", "{BDDC9B52-DB56-457B-8983-1B1D2088C7EA}"
EndProject
Project("{FAE04EC0-301F-11D3-BF4B-00C04F79EFBC}") = "lab_7", "lab_7\lab_7.csproj", "{1FC710C4-CF41-4920-BECD-226652757935}"
EndProject
Global
	GlobalSection(SolutionConfigurationPlatforms) = preSolution
		Debug|Any CPU = Debug|Any CPU
		Release|Any CPU = Release|Any CPU
	EndGlobalSection
	GlobalSection(ProjectConfigurationPlatforms) = postSolution
		{BDDC9B52-DB56-457B-8983-1B1D2088C7EA}.Debug|Any CPU.ActiveCfg = Debug|Any CPU
		{BDDC9B52-DB56-457B-8983-1B1D2088C7EA}.Debug|Any CPU.Build.0 = Debug|Any CPU
		{BDDC9B52-DB56-457B-8983-1B1D2088C7EA}.Release|Any CPU.ActiveCfg = Release|Any CPU
		{BDDC9B52-DB56-457B-8983-1B1D2088C7EA}.Release|Any CPU.Build.0 = Release|Any CPU
		{1FC710C4-CF41-4920-BECD-226652757935}.Debug|Any CPU.ActiveCfg = Debug|Any CPU
		{1FC710C4-CF41-4920-BECD-226652757935}.Debug|Any CPU.Build.0 = Debug|Any CPU
		{1FC710C4-CF41-4920-BECD-226652757935}.Release|Any CPU.ActiveCfg = Release|Any CPU
		{1FC710C4-CF41-4920-BECD-226652757935}.Release|Any CPU.Build.0 = Release|Any CPU
	EndGlobalSection
	GlobalSection(SolutionProperties) = preSolution
		HideSolutionNode = FALSE
	EndGlobalSection
EndGlobal
